
Microsoft Visual Studio Solution File, Format Version 12.00
# Visual Studio Version 16
VisualStudioVersion = 16.0.31613.86
MinimumVisualStudioVersion = 10.0.40219.1
Project("{FAE04EC0-301F-11D3-BF4B-00C04F79EFBC}") = "DataTypes", "DataTypes\DataTypes.csproj", "{AB08BFD8-8C0D-4F87-A2B3-5EEF54876E83}"
EndProject
Project("{FAE04EC0-301F-11D3-BF4B-00C04F79EFBC}") = "If-Else", "If-Else\If-Else.csproj", "{E1E05457-95E0-451A-B1C2-E3539DD0266E}"
EndProject
Project("{FAE04EC0-301F-11D3-BF4B-00C04F79EFBC}") = "Arrays - Loops", "Arrays - Loops\Arrays - Loops.csproj", "{D1C61906-97E9-403D-95F3-4CA743A36504}"
EndProject
Project("{FAE04EC0-301F-11D3-BF4B-00C04F79EFBC}") = "String Methods", "String Methods\String Methods.csproj", "{2D651CD3-7952-4D27-8528-CF3163FBE984}"
EndProject
Project("{FAE04EC0-301F-11D3-BF4B-00C04F79EFBC}") = "Methods", "Methods\Methods.csproj", "{DE83AAA4-AEDE-472C-8BB8-1FE07474E69F}"
EndProject
Project("{FAE04EC0-301F-11D3-BF4B-00C04F79EFBC}") = "Classes", "Classes\Classes.csproj", "{BD6FA1DC-58F9-4C9D-87E5-C770D3EDD74B}"
EndProject
Project("{FAE04EC0-301F-11D3-BF4B-00C04F79EFBC}") = "Inheritance", "Inheritance\Inheritance.csproj", "{48EFBB83-4D1B-43BB-95CB-18E2C28B1CAF}"
EndProject
Global
	GlobalSection(SolutionConfigurationPlatforms) = preSolution
		Debug|Any CPU = Debug|Any CPU
		Release|Any CPU = Release|Any CPU
	EndGlobalSection
	GlobalSection(ProjectConfigurationPlatforms) = postSolution
		{AB08BFD8-8C0D-4F87-A2B3-5EEF54876E83}.Debug|Any CPU.ActiveCfg = Debug|Any CPU
		{AB08BFD8-8C0D-4F87-A2B3-5EEF54876E83}.Debug|Any CPU.Build.0 = Debug|Any CPU
		{AB08BFD8-8C0D-4F87-A2B3-5EEF54876E83}.Release|Any CPU.ActiveCfg = Release|Any CPU
		{AB08BFD8-8C0D-4F87-A2B3-5EEF54876E83}.Release|Any CPU.Build.0 = Release|Any CPU
		{E1E05457-95E0-451A-B1C2-E3539DD0266E}.Debug|Any CPU.ActiveCfg = Debug|Any CPU
		{E1E05457-95E0-451A-B1C2-E3539DD0266E}.Debug|Any CPU.Build.0 = Debug|Any CPU
		{E1E05457-95E0-451A-B1C2-E3539DD0266E}.Release|Any CPU.ActiveCfg = Release|Any CPU
		{E1E05457-95E0-451A-B1C2-E3539DD0266E}.Release|Any CPU.Build.0 = Release|Any CPU
		{D1C61906-97E9-403D-95F3-4CA743A36504}.Debug|Any CPU.ActiveCfg = Debug|Any CPU
		{D1C61906-97E9-403D-95F3-4CA743A36504}.Debug|Any CPU.Build.0 = Debug|Any CPU
		{D1C61906-97E9-403D-95F3-4CA743A36504}.Release|Any CPU.ActiveCfg = Release|Any CPU
		{D1C61906-97E9-403D-95F3-4CA743A36504}.Release|Any CPU.Build.0 = Release|Any CPU
		{2D651CD3-7952-4D27-8528-CF3163FBE984}.Debug|Any CPU.ActiveCfg = Debug|Any CPU
		{2D651CD3-7952-4D27-8528-CF3163FBE984}.Debug|Any CPU.Build.0 = Debug|Any CPU
		{2D651CD3-7952-4D27-8528-CF3163FBE984}.Release|Any CPU.ActiveCfg = Release|Any CPU
		{2D651CD3-7952-4D27-8528-CF3163FBE984}.Release|Any CPU.Build.0 = Release|Any CPU
		{DE83AAA4-AEDE-472C-8BB8-1FE07474E69F}.Debug|Any CPU.ActiveCfg = Debug|Any CPU
		{DE83AAA4-AEDE-472C-8BB8-1FE07474E69F}.Debug|Any CPU.Build.0 = Debug|Any CPU
		{DE83AAA4-AEDE-472C-8BB8-1FE07474E69F}.Release|Any CPU.ActiveCfg = Release|Any CPU
		{DE83AAA4-AEDE-472C-8BB8-1FE07474E69F}.Release|Any CPU.Build.0 = Release|Any CPU
		{BD6FA1DC-58F9-4C9D-87E5-C770D3EDD74B}.Debug|Any CPU.ActiveCfg = Debug|Any CPU
		{BD6FA1DC-58F9-4C9D-87E5-C770D3EDD74B}.Debug|Any CPU.Build.0 = Debug|Any CPU
		{BD6FA1DC-58F9-4C9D-87E5-C770D3EDD74B}.Release|Any CPU.ActiveCfg = Release|Any CPU
		{BD6FA1DC-58F9-4C9D-87E5-C770D3EDD74B}.Release|Any CPU.Build.0 = Release|Any CPU
		{48EFBB83-4D1B-43BB-95CB-18E2C28B1CAF}.Debug|Any CPU.ActiveCfg = Debug|Any CPU
		{48EFBB83-4D1B-43BB-95CB-18E2C28B1CAF}.Debug|Any CPU.Build.0 = Debug|Any CPU
		{48EFBB83-4D1B-43BB-95CB-18E2C28B1CAF}.Release|Any CPU.ActiveCfg = Release|Any CPU
		{48EFBB83-4D1B-43BB-95CB-18E2C28B1CAF}.Release|Any CPU.Build.0 = Release|Any CPU
	EndGlobalSection
	GlobalSection(SolutionProperties) = preSolution
		HideSolutionNode = FALSE
	EndGlobalSection
	GlobalSection(ExtensibilityGlobals) = postSolution
		SolutionGuid = {D2F6C4BC-4548-47D8-9CEB-E5070B7A2257}
	EndGlobalSection
EndGlobal
